
Microsoft Visual Studio Solution File, Format Version 12.00
Project("{FAE04EC0-301F-11D3-BF4B-00C04F79EFBC}") = "Inputs", "Inputs.csproj", "{D0D7E2D9-65F7-4CA1-B7F6-645215258E9B}"
EndProject
Global
	GlobalSection(SolutionConfigurationPlatforms) = preSolution
		Debug|Any CPU = Debug|Any CPU
		Release|Any CPU = Release|Any CPU
	EndGlobalSection
	GlobalSection(ProjectConfigurationPlatforms) = postSolution
		{D0D7E2D9-65F7-4CA1-B7F6-645215258E9B}.Debug|Any CPU.ActiveCfg = Debug|Any CPU
		{D0D7E2D9-65F7-4CA1-B7F6-645215258E9B}.Debug|Any CPU.Build.0 = Debug|Any CPU
		{D0D7E2D9-65F7-4CA1-B7F6-645215258E9B}.Release|Any CPU.ActiveCfg = Release|Any CPU
		{D0D7E2D9-65F7-4CA1-B7F6-645215258E9B}.Release|Any CPU.Build.0 = Release|Any CPU
	EndGlobalSection
EndGlobal
